
Microsoft Visual Studio Solution File, Format Version 12.00
# Visual Studio Version 17
VisualStudioVersion = 17.5.002.0
MinimumVisualStudioVersion = 10.0.40219.1
Project("{9A19103F-16F7-4668-BE54-9A1E7A4F7556}") = "Api", "Api\Api.csproj", "{E93D60F9-8611-4543-A00F-2145D8AF118A}"
EndProject
Global
	GlobalSection(SolutionConfigurationPlatforms) = preSolution
		Debug|Any CPU = Debug|Any CPU
		Release|Any CPU = Release|Any CPU
	EndGlobalSection
	GlobalSection(ProjectConfigurationPlatforms) = postSolution
		{E93D60F9-8611-4543-A00F-2145D8AF118A}.Debug|Any CPU.ActiveCfg = Debug|Any CPU
		{E93D60F9-8611-4543-A00F-2145D8AF118A}.Debug|Any CPU.Build.0 = Debug|Any CPU
		{E93D60F9-8611-4543-A00F-2145D8AF118A}.Release|Any CPU.ActiveCfg = Release|Any CPU
		{E93D60F9-8611-4543-A00F-2145D8AF118A}.Release|Any CPU.Build.0 = Release|Any CPU
	EndGlobalSection
	GlobalSection(SolutionProperties) = preSolution
		HideSolutionNode = FALSE
	EndGlobalSection
	GlobalSection(ExtensibilityGlobals) = postSolution
		SolutionGuid = {5BC2A65C-DB81-42D1-B21A-1BBCD8D1A8E2}
	EndGlobalSection
EndGlobal
